
Microsoft Visual Studio Solution File, Format Version 12.00
# Visual Studio Version 17
VisualStudioVersion = 17.1.32228.430
MinimumVisualStudioVersion = 10.0.40219.1
Project("{2150E333-8FDC-42A3-9474-1A3956D46DE8}") = "Applications", "Applications", "{B0A8059B-E873-4B29-B0B3-A2CFD34DD0B2}"
EndProject
Project("{2150E333-8FDC-42A3-9474-1A3956D46DE8}") = "Gateways", "Gateways", "{E75AC9AA-3227-4027-A03F-81A047F3881D}"
EndProject
Project("{2150E333-8FDC-42A3-9474-1A3956D46DE8}") = "Microservices", "Microservices", "{270CB4AD-9E0E-4977-BA05-2C060E45F9BF}"
EndProject
Project("{2150E333-8FDC-42A3-9474-1A3956D46DE8}") = "Modules", "Modules", "{B674E3F1-B637-403D-BC42-D57E6E5888EC}"
EndProject
Project("{2150E333-8FDC-42A3-9474-1A3956D46DE8}") = "Shared", "Shared", "{F6B26606-56F7-49B1-881A-E2AB4C7F2058}"
EndProject
Project("{2150E333-8FDC-42A3-9474-1A3956D46DE8}") = "_Documentation", "_Documentation", "{9F48A776-3974-449C-A6A3-D25CA1CD1523}"
EndProject
Project("{2150E333-8FDC-42A3-9474-1A3956D46DE8}") = "Deploy", "Deploy", "{D5FCDB90-104F-4260-B43D-8E5EA03F968D}"
EndProject
Project("{2150E333-8FDC-42A3-9474-1A3956D46DE8}") = "Kubernetes", "Kubernetes", "{AD40C614-0D8C-4F01-AAD9-B5B687AC603F}"
EndProject
Project("{2150E333-8FDC-42A3-9474-1A3956D46DE8}") = "Docker", "Docker", "{015D298E-6EF6-4718-8B35-EE3144CB213A}"
	ProjectSection(SolutionItems) = preProject
		_Documentation\Deploy\Docker\docker-compose.yml = _Documentation\Deploy\Docker\docker-compose.yml
	EndProjectSection
EndProject
Project("{9A19103F-16F7-4668-BE54-9A1E7A4F7556}") = "Almighty.Mall.Platform.Web", "Applications\Almighty.Mall.Platform.Web\Almighty.Mall.Platform.Web.csproj", "{C05E0FF1-79FF-4635-9094-094C0279D73B}"
EndProject
Project("{9A19103F-16F7-4668-BE54-9A1E7A4F7556}") = "Almighty.Mall.Seller.Web", "Applications\Almighty.Mall.Seller.Web\Almighty.Mall.Seller.Web.csproj", "{E8674278-4649-4ACE-853D-1783D169E00A}"
EndProject
Project("{9A19103F-16F7-4668-BE54-9A1E7A4F7556}") = "Almighty.Mall.Shop.Web", "Applications\Almighty.Mall.Shop.Web\Almighty.Mall.Shop.Web.csproj", "{9B026BEB-6843-4F5A-9EAA-74397FADDC1D}"
EndProject
Project("{9A19103F-16F7-4668-BE54-9A1E7A4F7556}") = "Almighty.Mall.Service.Product", "Microservices\Almighty.Mall.Service.Product\Almighty.Mall.Service.Product.csproj", "{D2B6C459-A7CA-43DF-A88D-A572BD1B5319}"
EndProject
Project("{9A19103F-16F7-4668-BE54-9A1E7A4F7556}") = "Almighty.Mall.Service.Order", "Microservices\Almighty.Mall.Service.Order\Almighty.Mall.Service.Order.csproj", "{86CBC8CA-C11F-4992-9921-7E6494C330B3}"
EndProject
Project("{9A19103F-16F7-4668-BE54-9A1E7A4F7556}") = "Almighty.Mall.Service.Payment", "Microservices\Almighty.Mall.Service.Payment\Almighty.Mall.Service.Payment.csproj", "{C7E9D123-85C6-44CA-AB57-9FEE4E614525}"
EndProject
Project("{9A19103F-16F7-4668-BE54-9A1E7A4F7556}") = "Almighty.Mall.Service.Search", "Microservices\Almighty.Mall.Service.Search\Almighty.Mall.Service.Search.csproj", "{A3C1E335-46D1-4CE2-946F-81BF1C64DD10}"
EndProject
Project("{9A19103F-16F7-4668-BE54-9A1E7A4F7556}") = "Almighty.Mall.Console.Service.Auth", "Microservices\Almighty.Mall.Console.Service.Auth\Almighty.Mall.Console.Service.Auth.csproj", "{5B38BD2F-31E1-4675-BF38-D6377580C289}"
EndProject
Project("{9A19103F-16F7-4668-BE54-9A1E7A4F7556}") = "Almighty.Mall.Service.Auth", "Microservices\Almighty.Mall.Service.Auth\Almighty.Mall.Service.Auth.csproj", "{7268E6FC-93F7-452E-94C1-CDB9DDDAF2AA}"
EndProject
Project("{2150E333-8FDC-42A3-9474-1A3956D46DE8}") = "Almighty.Mall.Module.Product", "Almighty.Mall.Module.Product", "{31863F62-0ACE-4A5D-8310-94318FD3F387}"
EndProject
Project("{9A19103F-16F7-4668-BE54-9A1E7A4F7556}") = "Almighty.Mall.Module.Product.EntityFrameworkCore", "Modules\Almighty.Mall.Module.Product\Almighty.Mall.Module.Product.EntityFrameworkCore\Almighty.Mall.Module.Product.EntityFrameworkCore.csproj", "{1DA5AA6C-8FFE-4A48-85F0-89792D6DB543}"
EndProject
Project("{9A19103F-16F7-4668-BE54-9A1E7A4F7556}") = "Almighty.Mall.Module.Product.HttpApi", "Modules\Almighty.Mall.Module.Product\Almighty.Mall.Module.Product.HttpApi\Almighty.Mall.Module.Product.HttpApi.csproj", "{1350C93B-8E28-402A-B930-91B922C0C7B3}"
EndProject
Project("{9A19103F-16F7-4668-BE54-9A1E7A4F7556}") = "Almighty.Mall.Module.Product.Domain", "Modules\Almighty.Mall.Module.Product\Almighty.Mall.Module.Product.Domain\Almighty.Mall.Module.Product.Domain.csproj", "{888D8EFE-AB26-4EF4-A6B1-36AC91715AE0}"
EndProject
Project("{9A19103F-16F7-4668-BE54-9A1E7A4F7556}") = "Almighty.Mall.Module.Product.Domain.Shared", "Modules\Almighty.Mall.Module.Product\Almighty.Mall.Module.Product.Domain.Shared\Almighty.Mall.Module.Product.Domain.Shared.csproj", "{CC2305DA-661E-4B8F-AB24-0BC29A148DC0}"
EndProject
Project("{9A19103F-16F7-4668-BE54-9A1E7A4F7556}") = "Almighty.Mall.Module.Product.Application", "Modules\Almighty.Mall.Module.Product\Almighty.Mall.Module.Product.Application\Almighty.Mall.Module.Product.Application.csproj", "{18FA5260-A712-4482-8E4C-7F8A834E21AC}"
EndProject
Project("{9A19103F-16F7-4668-BE54-9A1E7A4F7556}") = "Almighty.Mall.Module.Product.Application.Contracts", "Modules\Almighty.Mall.Module.Product\Almighty.Mall.Module.Product.Application.Contracts\Almighty.Mall.Module.Product.Application.Contracts.csproj", "{93F6953B-FF94-43AC-A12C-567C4BC25395}"
EndProject
Project("{9A19103F-16F7-4668-BE54-9A1E7A4F7556}") = "Almighty.Mall.Module.Product.HttpApi.Client", "Modules\Almighty.Mall.Module.Product\Almighty.Mall.Module.Product.HttpApi.Client\Almighty.Mall.Module.Product.HttpApi.Client.csproj", "{09F02BDD-5D74-4BBC-B486-F9CED58692CF}"
EndProject
Project("{2150E333-8FDC-42A3-9474-1A3956D46DE8}") = "Almighty.Mall.Module.Seller", "Almighty.Mall.Module.Seller", "{B19BE349-1C1B-4770-BF0E-A0B0EB4A4E5D}"
EndProject
Project("{2150E333-8FDC-42A3-9474-1A3956D46DE8}") = "Almighty.Mall.Module.Order", "Almighty.Mall.Module.Order", "{E17D0098-4991-4638-A6D8-997123CD28A3}"
EndProject
Project("{2150E333-8FDC-42A3-9474-1A3956D46DE8}") = "Almighty.Mall.Module.Payment", "Almighty.Mall.Module.Payment", "{2C06A7AC-AC15-448B-A821-CAB95D6D3BBC}"
EndProject
Project("{2150E333-8FDC-42A3-9474-1A3956D46DE8}") = "Almighty.Mall.Module.Search", "Almighty.Mall.Module.Search", "{6EF986BE-5385-43ED-A718-313E7FDA5420}"
EndProject
Project("{9A19103F-16F7-4668-BE54-9A1E7A4F7556}") = "Almighty.Mall.Module.Order.Application", "Modules\Almighty.Mall.Module.Order\Almighty.Mall.Module.Order.Application\Almighty.Mall.Module.Order.Application.csproj", "{63C1E8B2-19EF-4788-A80A-A2997EA37DD1}"
EndProject
Project("{9A19103F-16F7-4668-BE54-9A1E7A4F7556}") = "Almighty.Mall.Module.Order.Application.Contracts", "Modules\Almighty.Mall.Module.Order\Almighty.Mall.Module.Order.Application.Contracts\Almighty.Mall.Module.Order.Application.Contracts.csproj", "{5504B062-5BC6-4F15-BB9D-8E2046E5759E}"
EndProject
Project("{9A19103F-16F7-4668-BE54-9A1E7A4F7556}") = "Almighty.Mall.Module.Order.Domain", "Modules\Almighty.Mall.Module.Order\Almighty.Mall.Module.Order.Domain\Almighty.Mall.Module.Order.Domain.csproj", "{6321A4C9-5B9A-43A7-8D74-6FEE133C8F9F}"
EndProject
Project("{9A19103F-16F7-4668-BE54-9A1E7A4F7556}") = "Almighty.Mall.Module.Order.Domain.Shared", "Modules\Almighty.Mall.Module.Order\Almighty.Mall.Module.Order.Domain.Shared\Almighty.Mall.Module.Order.Domain.Shared.csproj", "{44B271F3-A2B2-43FA-926B-75ABE1C3D300}"
EndProject
Project("{9A19103F-16F7-4668-BE54-9A1E7A4F7556}") = "Almighty.Mall.Module.Order.EntityFrameworkCore", "Modules\Almighty.Mall.Module.Order\Almighty.Mall.Module.Order.EntityFrameworkCore\Almighty.Mall.Module.Order.EntityFrameworkCore.csproj", "{55F2A789-2921-48B7-904C-66671BFD1D7F}"
EndProject
Project("{9A19103F-16F7-4668-BE54-9A1E7A4F7556}") = "Almighty.Mall.Module.Order.HttpApi", "Modules\Almighty.Mall.Module.Order\Almighty.Mall.Module.Order.HttpApi\Almighty.Mall.Module.Order.HttpApi.csproj", "{D99B36A3-8BB1-4A40-850F-5E1C5B124314}"
EndProject
Project("{9A19103F-16F7-4668-BE54-9A1E7A4F7556}") = "Almighty.Mall.Module.Order.HttpApi.Client", "Modules\Almighty.Mall.Module.Order\Almighty.Mall.Module.Order.HttpApi.Client\Almighty.Mall.Module.Order.HttpApi.Client.csproj", "{048D6C17-0E8F-4A0D-9CA4-8D46926B13E2}"
EndProject
Project("{9A19103F-16F7-4668-BE54-9A1E7A4F7556}") = "Almighty.Mall.Module.Payment.Application", "Modules\Almighty.Mall.Module.Payment\Almighty.Mall.Module.Payment.Application\Almighty.Mall.Module.Payment.Application.csproj", "{057C26F4-F461-4422-9040-A0200205AD15}"
EndProject
Project("{9A19103F-16F7-4668-BE54-9A1E7A4F7556}") = "Almighty.Mall.Module.Payment.Application.Contracts", "Modules\Almighty.Mall.Module.Payment\Almighty.Mall.Module.Payment.Application.Contracts\Almighty.Mall.Module.Payment.Application.Contracts.csproj", "{40072BA9-9D28-4E90-9FDC-B0CAD5B3A680}"
EndProject
Project("{9A19103F-16F7-4668-BE54-9A1E7A4F7556}") = "Almighty.Mall.Module.Payment.Domain", "Modules\Almighty.Mall.Module.Payment\Almighty.Mall.Module.Payment.Domain\Almighty.Mall.Module.Payment.Domain.csproj", "{A1B1D589-C382-4177-839D-7F6AE5779DC5}"
EndProject
Project("{9A19103F-16F7-4668-BE54-9A1E7A4F7556}") = "Almighty.Mall.Module.Payment.Domain.Shared", "Modules\Almighty.Mall.Module.Payment\Almighty.Mall.Module.Payment.Domain.Shared\Almighty.Mall.Module.Payment.Domain.Shared.csproj", "{A7637176-E214-4BEB-A04B-90FD2C555B64}"
EndProject
Project("{9A19103F-16F7-4668-BE54-9A1E7A4F7556}") = "Almighty.Mall.Module.Payment.EntityFrameworkCore", "Modules\Almighty.Mall.Module.Payment\Almighty.Mall.Module.Payment.EntityFrameworkCore\Almighty.Mall.Module.Payment.EntityFrameworkCore.csproj", "{5D2DB587-4D1A-4ED4-9743-F6B7DB000EC6}"
EndProject
Project("{9A19103F-16F7-4668-BE54-9A1E7A4F7556}") = "Almighty.Mall.Module.Payment.HttpApi", "Modules\Almighty.Mall.Module.Payment\Almighty.Mall.Module.Payment.HttpApi\Almighty.Mall.Module.Payment.HttpApi.csproj", "{D7EA29A4-E814-447F-8855-A34F1D4C1825}"
EndProject
Project("{9A19103F-16F7-4668-BE54-9A1E7A4F7556}") = "Almighty.Mall.Module.Payment.HttpApi.Client", "Modules\Almighty.Mall.Module.Payment\Almighty.Mall.Module.Payment.HttpApi.Client\Almighty.Mall.Module.Payment.HttpApi.Client.csproj", "{4B43E6A7-EE0D-4DD8-9FE5-26CAA12B50C7}"
EndProject
Project("{9A19103F-16F7-4668-BE54-9A1E7A4F7556}") = "Almighty.Mall.Module.Search.Application", "Modules\Almighty.Mall.Module.Search\Almighty.Mall.Module.Search.Application\Almighty.Mall.Module.Search.Application.csproj", "{01D6CAD9-B3AB-4B9E-AD01-5E2BEB257924}"
EndProject
Project("{9A19103F-16F7-4668-BE54-9A1E7A4F7556}") = "Almighty.Mall.Module.Search.Application.Contracts", "Modules\Almighty.Mall.Module.Search\Almighty.Mall.Module.Search.Application.Contracts\Almighty.Mall.Module.Search.Application.Contracts.csproj", "{5CFB4177-64C0-4C1E-A2FB-6803B874DA0F}"
EndProject
Project("{9A19103F-16F7-4668-BE54-9A1E7A4F7556}") = "Almighty.Mall.Module.Search.Domain", "Modules\Almighty.Mall.Module.Search\Almighty.Mall.Module.Search.Domain\Almighty.Mall.Module.Search.Domain.csproj", "{8D035624-3BA4-4119-BAFC-2190A79D0E92}"
EndProject
Project("{9A19103F-16F7-4668-BE54-9A1E7A4F7556}") = "Almighty.Mall.Module.Search.Domain.Shared", "Modules\Almighty.Mall.Module.Search\Almighty.Mall.Module.Search.Domain.Shared\Almighty.Mall.Module.Search.Domain.Shared.csproj", "{F9D8D50C-EC9F-4DA1-95D2-28E62E9EDE40}"
EndProject
Project("{9A19103F-16F7-4668-BE54-9A1E7A4F7556}") = "Almighty.Mall.Module.Search.EntityFrameworkCore", "Modules\Almighty.Mall.Module.Search\Almighty.Mall.Module.Search.EntityFrameworkCore\Almighty.Mall.Module.Search.EntityFrameworkCore.csproj", "{8D201017-44C1-40DB-AC9A-9ECB6D862F63}"
EndProject
Project("{9A19103F-16F7-4668-BE54-9A1E7A4F7556}") = "Almighty.Mall.Module.Search.HttpApi", "Modules\Almighty.Mall.Module.Search\Almighty.Mall.Module.Search.HttpApi\Almighty.Mall.Module.Search.HttpApi.csproj", "{0614C710-86C7-406A-99E7-2235D562D29D}"
EndProject
Project("{9A19103F-16F7-4668-BE54-9A1E7A4F7556}") = "Almighty.Mall.Module.Search.HttpApi.Client", "Modules\Almighty.Mall.Module.Search\Almighty.Mall.Module.Search.HttpApi.Client\Almighty.Mall.Module.Search.HttpApi.Client.csproj", "{FB48DB6E-817D-485D-9AD0-A7AB554BEE33}"
EndProject
Project("{9A19103F-16F7-4668-BE54-9A1E7A4F7556}") = "Almighty.Mall.Module.Seller.Application", "Modules\Almighty.Mall.Module.Seller\Almighty.Mall.Module.Seller.Application\Almighty.Mall.Module.Seller.Application.csproj", "{1EB16514-7CF8-4856-9E9C-8DD642107582}"
EndProject
Project("{9A19103F-16F7-4668-BE54-9A1E7A4F7556}") = "Almighty.Mall.Module.Seller.Application.Contracts", "Modules\Almighty.Mall.Module.Seller\Almighty.Mall.Module.Seller.Application.Contracts\Almighty.Mall.Module.Seller.Application.Contracts.csproj", "{08809BC5-5CAC-4B91-8BD9-AE7051671DCE}"
EndProject
Project("{9A19103F-16F7-4668-BE54-9A1E7A4F7556}") = "Almighty.Mall.Module.Seller.Domain", "Modules\Almighty.Mall.Module.Seller\Almighty.Mall.Module.Seller.Domain\Almighty.Mall.Module.Seller.Domain.csproj", "{D4599E1A-0C43-4227-93A5-E19D57BBD7A8}"
EndProject
Project("{9A19103F-16F7-4668-BE54-9A1E7A4F7556}") = "Almighty.Mall.Module.Seller.Domain.Shared", "Modules\Almighty.Mall.Module.Seller\Almighty.Mall.Module.Seller.Domain.Shared\Almighty.Mall.Module.Seller.Domain.Shared.csproj", "{598CDD84-34CD-4A26-AC66-FD5A646C32BA}"
EndProject
Project("{9A19103F-16F7-4668-BE54-9A1E7A4F7556}") = "Almighty.Mall.Module.Seller.EntityFrameworkCore", "Modules\Almighty.Mall.Module.Seller\Almighty.Mall.Module.Seller.EntityFrameworkCore\Almighty.Mall.Module.Seller.EntityFrameworkCore.csproj", "{6A4A0F94-221F-4592-9795-108F3F12EE84}"
EndProject
Project("{9A19103F-16F7-4668-BE54-9A1E7A4F7556}") = "Almighty.Mall.Module.Seller.HttpApi", "Modules\Almighty.Mall.Module.Seller\Almighty.Mall.Module.Seller.HttpApi\Almighty.Mall.Module.Seller.HttpApi.csproj", "{895234A0-2188-45A0-A53B-52658FAF53F0}"
EndProject
Project("{9A19103F-16F7-4668-BE54-9A1E7A4F7556}") = "Almighty.Mall.Module.Seller.HttpApi.Client", "Modules\Almighty.Mall.Module.Seller\Almighty.Mall.Module.Seller.HttpApi.Client\Almighty.Mall.Module.Seller.HttpApi.Client.csproj", "{40D82C52-920D-4B87-BBE2-E5AC00385FF5}"
EndProject
Global
	GlobalSection(SolutionConfigurationPlatforms) = preSolution
		Debug|Any CPU = Debug|Any CPU
		Release|Any CPU = Release|Any CPU
	EndGlobalSection
	GlobalSection(ProjectConfigurationPlatforms) = postSolution
		{C05E0FF1-79FF-4635-9094-094C0279D73B}.Debug|Any CPU.ActiveCfg = Debug|Any CPU
		{C05E0FF1-79FF-4635-9094-094C0279D73B}.Debug|Any CPU.Build.0 = Debug|Any CPU
		{C05E0FF1-79FF-4635-9094-094C0279D73B}.Release|Any CPU.ActiveCfg = Release|Any CPU
		{C05E0FF1-79FF-4635-9094-094C0279D73B}.Release|Any CPU.Build.0 = Release|Any CPU
		{E8674278-4649-4ACE-853D-1783D169E00A}.Debug|Any CPU.ActiveCfg = Debug|Any CPU
		{E8674278-4649-4ACE-853D-1783D169E00A}.Debug|Any CPU.Build.0 = Debug|Any CPU
		{E8674278-4649-4ACE-853D-1783D169E00A}.Release|Any CPU.ActiveCfg = Release|Any CPU
		{E8674278-4649-4ACE-853D-1783D169E00A}.Release|Any CPU.Build.0 = Release|Any CPU
		{9B026BEB-6843-4F5A-9EAA-74397FADDC1D}.Debug|Any CPU.ActiveCfg = Debug|Any CPU
		{9B026BEB-6843-4F5A-9EAA-74397FADDC1D}.Debug|Any CPU.Build.0 = Debug|Any CPU
		{9B026BEB-6843-4F5A-9EAA-74397FADDC1D}.Release|Any CPU.ActiveCfg = Release|Any CPU
		{9B026BEB-6843-4F5A-9EAA-74397FADDC1D}.Release|Any CPU.Build.0 = Release|Any CPU
		{D2B6C459-A7CA-43DF-A88D-A572BD1B5319}.Debug|Any CPU.ActiveCfg = Debug|Any CPU
		{D2B6C459-A7CA-43DF-A88D-A572BD1B5319}.Debug|Any CPU.Build.0 = Debug|Any CPU
		{D2B6C459-A7CA-43DF-A88D-A572BD1B5319}.Release|Any CPU.ActiveCfg = Release|Any CPU
		{D2B6C459-A7CA-43DF-A88D-A572BD1B5319}.Release|Any CPU.Build.0 = Release|Any CPU
		{86CBC8CA-C11F-4992-9921-7E6494C330B3}.Debug|Any CPU.ActiveCfg = Debug|Any CPU
		{86CBC8CA-C11F-4992-9921-7E6494C330B3}.Debug|Any CPU.Build.0 = Debug|Any CPU
		{86CBC8CA-C11F-4992-9921-7E6494C330B3}.Release|Any CPU.ActiveCfg = Release|Any CPU
		{86CBC8CA-C11F-4992-9921-7E6494C330B3}.Release|Any CPU.Build.0 = Release|Any CPU
		{C7E9D123-85C6-44CA-AB57-9FEE4E614525}.Debug|Any CPU.ActiveCfg = Debug|Any CPU
		{C7E9D123-85C6-44CA-AB57-9FEE4E614525}.Debug|Any CPU.Build.0 = Debug|Any CPU
		{C7E9D123-85C6-44CA-AB57-9FEE4E614525}.Release|Any CPU.ActiveCfg = Release|Any CPU
		{C7E9D123-85C6-44CA-AB57-9FEE4E614525}.Release|Any CPU.Build.0 = Release|Any CPU
		{A3C1E335-46D1-4CE2-946F-81BF1C64DD10}.Debug|Any CPU.ActiveCfg = Debug|Any CPU
		{A3C1E335-46D1-4CE2-946F-81BF1C64DD10}.Debug|Any CPU.Build.0 = Debug|Any CPU
		{A3C1E335-46D1-4CE2-946F-81BF1C64DD10}.Release|Any CPU.ActiveCfg = Release|Any CPU
		{A3C1E335-46D1-4CE2-946F-81BF1C64DD10}.Release|Any CPU.Build.0 = Release|Any CPU
		{5B38BD2F-31E1-4675-BF38-D6377580C289}.Debug|Any CPU.ActiveCfg = Debug|Any CPU
		{5B38BD2F-31E1-4675-BF38-D6377580C289}.Debug|Any CPU.Build.0 = Debug|Any CPU
		{5B38BD2F-31E1-4675-BF38-D6377580C289}.Release|Any CPU.ActiveCfg = Release|Any CPU
		{5B38BD2F-31E1-4675-BF38-D6377580C289}.Release|Any CPU.Build.0 = Release|Any CPU
		{7268E6FC-93F7-452E-94C1-CDB9DDDAF2AA}.Debug|Any CPU.ActiveCfg = Debug|Any CPU
		{7268E6FC-93F7-452E-94C1-CDB9DDDAF2AA}.Debug|Any CPU.Build.0 = Debug|Any CPU
		{7268E6FC-93F7-452E-94C1-CDB9DDDAF2AA}.Release|Any CPU.ActiveCfg = Release|Any CPU
		{7268E6FC-93F7-452E-94C1-CDB9DDDAF2AA}.Release|Any CPU.Build.0 = Release|Any CPU
		{1DA5AA6C-8FFE-4A48-85F0-89792D6DB543}.Debug|Any CPU.ActiveCfg = Debug|Any CPU
		{1DA5AA6C-8FFE-4A48-85F0-89792D6DB543}.Debug|Any CPU.Build.0 = Debug|Any CPU
		{1DA5AA6C-8FFE-4A48-85F0-89792D6DB543}.Release|Any CPU.ActiveCfg = Release|Any CPU
		{1DA5AA6C-8FFE-4A48-85F0-89792D6DB543}.Release|Any CPU.Build.0 = Release|Any CPU
		{1350C93B-8E28-402A-B930-91B922C0C7B3}.Debug|Any CPU.ActiveCfg = Debug|Any CPU
		{1350C93B-8E28-402A-B930-91B922C0C7B3}.Debug|Any CPU.Build.0 = Debug|Any CPU
		{1350C93B-8E28-402A-B930-91B922C0C7B3}.Release|Any CPU.ActiveCfg = Release|Any CPU
		{1350C93B-8E28-402A-B930-91B922C0C7B3}.Release|Any CPU.Build.0 = Release|Any CPU
		{888D8EFE-AB26-4EF4-A6B1-36AC91715AE0}.Debug|Any CPU.ActiveCfg = Debug|Any CPU
		{888D8EFE-AB26-4EF4-A6B1-36AC91715AE0}.Debug|Any CPU.Build.0 = Debug|Any CPU
		{888D8EFE-AB26-4EF4-A6B1-36AC91715AE0}.Release|Any CPU.ActiveCfg = Release|Any CPU
		{888D8EFE-AB26-4EF4-A6B1-36AC91715AE0}.Release|Any CPU.Build.0 = Release|Any CPU
		{CC2305DA-661E-4B8F-AB24-0BC29A148DC0}.Debug|Any CPU.ActiveCfg = Debug|Any CPU
		{CC2305DA-661E-4B8F-AB24-0BC29A148DC0}.Debug|Any CPU.Build.0 = Debug|Any CPU
		{CC2305DA-661E-4B8F-AB24-0BC29A148DC0}.Release|Any CPU.ActiveCfg = Release|Any CPU
		{CC2305DA-661E-4B8F-AB24-0BC29A148DC0}.Release|Any CPU.Build.0 = Release|Any CPU
		{18FA5260-A712-4482-8E4C-7F8A834E21AC}.Debug|Any CPU.ActiveCfg = Debug|Any CPU
		{18FA5260-A712-4482-8E4C-7F8A834E21AC}.Debug|Any CPU.Build.0 = Debug|Any CPU
		{18FA5260-A712-4482-8E4C-7F8A834E21AC}.Release|Any CPU.ActiveCfg = Release|Any CPU
		{18FA5260-A712-4482-8E4C-7F8A834E21AC}.Release|Any CPU.Build.0 = Release|Any CPU
		{93F6953B-FF94-43AC-A12C-567C4BC25395}.Debug|Any CPU.ActiveCfg = Debug|Any CPU
		{93F6953B-FF94-43AC-A12C-567C4BC25395}.Debug|Any CPU.Build.0 = Debug|Any CPU
		{93F6953B-FF94-43AC-A12C-567C4BC25395}.Release|Any CPU.ActiveCfg = Release|Any CPU
		{93F6953B-FF94-43AC-A12C-567C4BC25395}.Release|Any CPU.Build.0 = Release|Any CPU
		{09F02BDD-5D74-4BBC-B486-F9CED58692CF}.Debug|Any CPU.ActiveCfg = Debug|Any CPU
		{09F02BDD-5D74-4BBC-B486-F9CED58692CF}.Debug|Any CPU.Build.0 = Debug|Any CPU
		{09F02BDD-5D74-4BBC-B486-F9CED58692CF}.Release|Any CPU.ActiveCfg = Release|Any CPU
		{09F02BDD-5D74-4BBC-B486-F9CED58692CF}.Release|Any CPU.Build.0 = Release|Any CPU
		{63C1E8B2-19EF-4788-A80A-A2997EA37DD1}.Debug|Any CPU.ActiveCfg = Debug|Any CPU
		{63C1E8B2-19EF-4788-A80A-A2997EA37DD1}.Debug|Any CPU.Build.0 = Debug|Any CPU
		{63C1E8B2-19EF-4788-A80A-A2997EA37DD1}.Release|Any CPU.ActiveCfg = Release|Any CPU
		{63C1E8B2-19EF-4788-A80A-A2997EA37DD1}.Release|Any CPU.Build.0 = Release|Any CPU
		{5504B062-5BC6-4F15-BB9D-8E2046E5759E}.Debug|Any CPU.ActiveCfg = Debug|Any CPU
		{5504B062-5BC6-4F15-BB9D-8E2046E5759E}.Debug|Any CPU.Build.0 = Debug|Any CPU
		{5504B062-5BC6-4F15-BB9D-8E2046E5759E}.Release|Any CPU.ActiveCfg = Release|Any CPU
		{5504B062-5BC6-4F15-BB9D-8E2046E5759E}.Release|Any CPU.Build.0 = Release|Any CPU
		{6321A4C9-5B9A-43A7-8D74-6FEE133C8F9F}.Debug|Any CPU.ActiveCfg = Debug|Any CPU
		{6321A4C9-5B9A-43A7-8D74-6FEE133C8F9F}.Debug|Any CPU.Build.0 = Debug|Any CPU
		{6321A4C9-5B9A-43A7-8D74-6FEE133C8F9F}.Release|Any CPU.ActiveCfg = Release|Any CPU
		{6321A4C9-5B9A-43A7-8D74-6FEE133C8F9F}.Release|Any CPU.Build.0 = Release|Any CPU
		{44B271F3-A2B2-43FA-926B-75ABE1C3D300}.Debug|Any CPU.ActiveCfg = Debug|Any CPU
		{44B271F3-A2B2-43FA-926B-75ABE1C3D300}.Debug|Any CPU.Build.0 = Debug|Any CPU
		{44B271F3-A2B2-43FA-926B-75ABE1C3D300}.Release|Any CPU.ActiveCfg = Release|Any CPU
		{44B271F3-A2B2-43FA-926B-75ABE1C3D300}.Release|Any CPU.Build.0 = Release|Any CPU
		{55F2A789-2921-48B7-904C-66671BFD1D7F}.Debug|Any CPU.ActiveCfg = Debug|Any CPU
		{55F2A789-2921-48B7-904C-66671BFD1D7F}.Debug|Any CPU.Build.0 = Debug|Any CPU
		{55F2A789-2921-48B7-904C-66671BFD1D7F}.Release|Any CPU.ActiveCfg = Release|Any CPU
		{55F2A789-2921-48B7-904C-66671BFD1D7F}.Release|Any CPU.Build.0 = Release|Any CPU
		{D99B36A3-8BB1-4A40-850F-5E1C5B124314}.Debug|Any CPU.ActiveCfg = Debug|Any CPU
		{D99B36A3-8BB1-4A40-850F-5E1C5B124314}.Debug|Any CPU.Build.0 = Debug|Any CPU
		{D99B36A3-8BB1-4A40-850F-5E1C5B124314}.Release|Any CPU.ActiveCfg = Release|Any CPU
		{D99B36A3-8BB1-4A40-850F-5E1C5B124314}.Release|Any CPU.Build.0 = Release|Any CPU
		{048D6C17-0E8F-4A0D-9CA4-8D46926B13E2}.Debug|Any CPU.ActiveCfg = Debug|Any CPU
		{048D6C17-0E8F-4A0D-9CA4-8D46926B13E2}.Debug|Any CPU.Build.0 = Debug|Any CPU
		{048D6C17-0E8F-4A0D-9CA4-8D46926B13E2}.Release|Any CPU.ActiveCfg = Release|Any CPU
		{048D6C17-0E8F-4A0D-9CA4-8D46926B13E2}.Release|Any CPU.Build.0 = Release|Any CPU
		{057C26F4-F461-4422-9040-A0200205AD15}.Debug|Any CPU.ActiveCfg = Debug|Any CPU
		{057C26F4-F461-4422-9040-A0200205AD15}.Debug|Any CPU.Build.0 = Debug|Any CPU
		{057C26F4-F461-4422-9040-A0200205AD15}.Release|Any CPU.ActiveCfg = Release|Any CPU
		{057C26F4-F461-4422-9040-A0200205AD15}.Release|Any CPU.Build.0 = Release|Any CPU
		{40072BA9-9D28-4E90-9FDC-B0CAD5B3A680}.Debug|Any CPU.ActiveCfg = Debug|Any CPU
		{40072BA9-9D28-4E90-9FDC-B0CAD5B3A680}.Debug|Any CPU.Build.0 = Debug|Any CPU
		{40072BA9-9D28-4E90-9FDC-B0CAD5B3A680}.Release|Any CPU.ActiveCfg = Release|Any CPU
		{40072BA9-9D28-4E90-9FDC-B0CAD5B3A680}.Release|Any CPU.Build.0 = Release|Any CPU
		{A1B1D589-C382-4177-839D-7F6AE5779DC5}.Debug|Any CPU.ActiveCfg = Debug|Any CPU
		{A1B1D589-C382-4177-839D-7F6AE5779DC5}.Debug|Any CPU.Build.0 = Debug|Any CPU
		{A1B1D589-C382-4177-839D-7F6AE5779DC5}.Release|Any CPU.ActiveCfg = Release|Any CPU
		{A1B1D589-C382-4177-839D-7F6AE5779DC5}.Release|Any CPU.Build.0 = Release|Any CPU
		{A7637176-E214-4BEB-A04B-90FD2C555B64}.Debug|Any CPU.ActiveCfg = Debug|Any CPU
		{A7637176-E214-4BEB-A04B-90FD2C555B64}.Debug|Any CPU.Build.0 = Debug|Any CPU
		{A7637176-E214-4BEB-A04B-90FD2C555B64}.Release|Any CPU.ActiveCfg = Release|Any CPU
		{A7637176-E214-4BEB-A04B-90FD2C555B64}.Release|Any CPU.Build.0 = Release|Any CPU
		{5D2DB587-4D1A-4ED4-9743-F6B7DB000EC6}.Debug|Any CPU.ActiveCfg = Debug|Any CPU
		{5D2DB587-4D1A-4ED4-9743-F6B7DB000EC6}.Debug|Any CPU.Build.0 = Debug|Any CPU
		{5D2DB587-4D1A-4ED4-9743-F6B7DB000EC6}.Release|Any CPU.ActiveCfg = Release|Any CPU
		{5D2DB587-4D1A-4ED4-9743-F6B7DB000EC6}.Release|Any CPU.Build.0 = Release|Any CPU
		{D7EA29A4-E814-447F-8855-A34F1D4C1825}.Debug|Any CPU.ActiveCfg = Debug|Any CPU
		{D7EA29A4-E814-447F-8855-A34F1D4C1825}.Debug|Any CPU.Build.0 = Debug|Any CPU
		{D7EA29A4-E814-447F-8855-A34F1D4C1825}.Release|Any CPU.ActiveCfg = Release|Any CPU
		{D7EA29A4-E814-447F-8855-A34F1D4C1825}.Release|Any CPU.Build.0 = Release|Any CPU
		{4B43E6A7-EE0D-4DD8-9FE5-26CAA12B50C7}.Debug|Any CPU.ActiveCfg = Debug|Any CPU
		{4B43E6A7-EE0D-4DD8-9FE5-26CAA12B50C7}.Debug|Any CPU.Build.0 = Debug|Any CPU
		{4B43E6A7-EE0D-4DD8-9FE5-26CAA12B50C7}.Release|Any CPU.ActiveCfg = Release|Any CPU
		{4B43E6A7-EE0D-4DD8-9FE5-26CAA12B50C7}.Release|Any CPU.Build.0 = Release|Any CPU
		{01D6CAD9-B3AB-4B9E-AD01-5E2BEB257924}.Debug|Any CPU.ActiveCfg = Debug|Any CPU
		{01D6CAD9-B3AB-4B9E-AD01-5E2BEB257924}.Debug|Any CPU.Build.0 = Debug|Any CPU
		{01D6CAD9-B3AB-4B9E-AD01-5E2BEB257924}.Release|Any CPU.ActiveCfg = Release|Any CPU
		{01D6CAD9-B3AB-4B9E-AD01-5E2BEB257924}.Release|Any CPU.Build.0 = Release|Any CPU
		{5CFB4177-64C0-4C1E-A2FB-6803B874DA0F}.Debug|Any CPU.ActiveCfg = Debug|Any CPU
		{5CFB4177-64C0-4C1E-A2FB-6803B874DA0F}.Debug|Any CPU.Build.0 = Debug|Any CPU
		{5CFB4177-64C0-4C1E-A2FB-6803B874DA0F}.Release|Any CPU.ActiveCfg = Release|Any CPU
		{5CFB4177-64C0-4C1E-A2FB-6803B874DA0F}.Release|Any CPU.Build.0 = Release|Any CPU
		{8D035624-3BA4-4119-BAFC-2190A79D0E92}.Debug|Any CPU.ActiveCfg = Debug|Any CPU
		{8D035624-3BA4-4119-BAFC-2190A79D0E92}.Debug|Any CPU.Build.0 = Debug|Any CPU
		{8D035624-3BA4-4119-BAFC-2190A79D0E92}.Release|Any CPU.ActiveCfg = Release|Any CPU
		{8D035624-3BA4-4119-BAFC-2190A79D0E92}.Release|Any CPU.Build.0 = Release|Any CPU
		{F9D8D50C-EC9F-4DA1-95D2-28E62E9EDE40}.Debug|Any CPU.ActiveCfg = Debug|Any CPU
		{F9D8D50C-EC9F-4DA1-95D2-28E62E9EDE40}.Debug|Any CPU.Build.0 = Debug|Any CPU
		{F9D8D50C-EC9F-4DA1-95D2-28E62E9EDE40}.Release|Any CPU.ActiveCfg = Release|Any CPU
		{F9D8D50C-EC9F-4DA1-95D2-28E62E9EDE40}.Release|Any CPU.Build.0 = Release|Any CPU
		{8D201017-44C1-40DB-AC9A-9ECB6D862F63}.Debug|Any CPU.ActiveCfg = Debug|Any CPU
		{8D201017-44C1-40DB-AC9A-9ECB6D862F63}.Debug|Any CPU.Build.0 = Debug|Any CPU
		{8D201017-44C1-40DB-AC9A-9ECB6D862F63}.Release|Any CPU.ActiveCfg = Release|Any CPU
		{8D201017-44C1-40DB-AC9A-9ECB6D862F63}.Release|Any CPU.Build.0 = Release|Any CPU
		{0614C710-86C7-406A-99E7-2235D562D29D}.Debug|Any CPU.ActiveCfg = Debug|Any CPU
		{0614C710-86C7-406A-99E7-2235D562D29D}.Debug|Any CPU.Build.0 = Debug|Any CPU
		{0614C710-86C7-406A-99E7-2235D562D29D}.Release|Any CPU.ActiveCfg = Release|Any CPU
		{0614C710-86C7-406A-99E7-2235D562D29D}.Release|Any CPU.Build.0 = Release|Any CPU
		{FB48DB6E-817D-485D-9AD0-A7AB554BEE33}.Debug|Any CPU.ActiveCfg = Debug|Any CPU
		{FB48DB6E-817D-485D-9AD0-A7AB554BEE33}.Debug|Any CPU.Build.0 = Debug|Any CPU
		{FB48DB6E-817D-485D-9AD0-A7AB554BEE33}.Release|Any CPU.ActiveCfg = Release|Any CPU
		{FB48DB6E-817D-485D-9AD0-A7AB554BEE33}.Release|Any CPU.Build.0 = Release|Any CPU
		{1EB16514-7CF8-4856-9E9C-8DD642107582}.Debug|Any CPU.ActiveCfg = Debug|Any CPU
		{1EB16514-7CF8-4856-9E9C-8DD642107582}.Debug|Any CPU.Build.0 = Debug|Any CPU
		{1EB16514-7CF8-4856-9E9C-8DD642107582}.Release|Any CPU.ActiveCfg = Release|Any CPU
		{1EB16514-7CF8-4856-9E9C-8DD642107582}.Release|Any CPU.Build.0 = Release|Any CPU
		{08809BC5-5CAC-4B91-8BD9-AE7051671DCE}.Debug|Any CPU.ActiveCfg = Debug|Any CPU
		{08809BC5-5CAC-4B91-8BD9-AE7051671DCE}.Debug|Any CPU.Build.0 = Debug|Any CPU
		{08809BC5-5CAC-4B91-8BD9-AE7051671DCE}.Release|Any CPU.ActiveCfg = Release|Any CPU
		{08809BC5-5CAC-4B91-8BD9-AE7051671DCE}.Release|Any CPU.Build.0 = Release|Any CPU
		{D4599E1A-0C43-4227-93A5-E19D57BBD7A8}.Debug|Any CPU.ActiveCfg = Debug|Any CPU
		{D4599E1A-0C43-4227-93A5-E19D57BBD7A8}.Debug|Any CPU.Build.0 = Debug|Any CPU
		{D4599E1A-0C43-4227-93A5-E19D57BBD7A8}.Release|Any CPU.ActiveCfg = Release|Any CPU
		{D4599E1A-0C43-4227-93A5-E19D57BBD7A8}.Release|Any CPU.Build.0 = Release|Any CPU
		{598CDD84-34CD-4A26-AC66-FD5A646C32BA}.Debug|Any CPU.ActiveCfg = Debug|Any CPU
		{598CDD84-34CD-4A26-AC66-FD5A646C32BA}.Debug|Any CPU.Build.0 = Debug|Any CPU
		{598CDD84-34CD-4A26-AC66-FD5A646C32BA}.Release|Any CPU.ActiveCfg = Release|Any CPU
		{598CDD84-34CD-4A26-AC66-FD5A646C32BA}.Release|Any CPU.Build.0 = Release|Any CPU
		{6A4A0F94-221F-4592-9795-108F3F12EE84}.Debug|Any CPU.ActiveCfg = Debug|Any CPU
		{6A4A0F94-221F-4592-9795-108F3F12EE84}.Debug|Any CPU.Build.0 = Debug|Any CPU
		{6A4A0F94-221F-4592-9795-108F3F12EE84}.Release|Any CPU.ActiveCfg = Release|Any CPU
		{6A4A0F94-221F-4592-9795-108F3F12EE84}.Release|Any CPU.Build.0 = Release|Any CPU
		{895234A0-2188-45A0-A53B-52658FAF53F0}.Debug|Any CPU.ActiveCfg = Debug|Any CPU
		{895234A0-2188-45A0-A53B-52658FAF53F0}.Debug|Any CPU.Build.0 = Debug|Any CPU
		{895234A0-2188-45A0-A53B-52658FAF53F0}.Release|Any CPU.ActiveCfg = Release|Any CPU
		{895234A0-2188-45A0-A53B-52658FAF53F0}.Release|Any CPU.Build.0 = Release|Any CPU
		{40D82C52-920D-4B87-BBE2-E5AC00385FF5}.Debug|Any CPU.ActiveCfg = Debug|Any CPU
		{40D82C52-920D-4B87-BBE2-E5AC00385FF5}.Debug|Any CPU.Build.0 = Debug|Any CPU
		{40D82C52-920D-4B87-BBE2-E5AC00385FF5}.Release|Any CPU.ActiveCfg = Release|Any CPU
		{40D82C52-920D-4B87-BBE2-E5AC00385FF5}.Release|Any CPU.Build.0 = Release|Any CPU
	EndGlobalSection
	GlobalSection(SolutionProperties) = preSolution
		HideSolutionNode = FALSE
	EndGlobalSection
	GlobalSection(NestedProjects) = preSolution
		{D5FCDB90-104F-4260-B43D-8E5EA03F968D} = {9F48A776-3974-449C-A6A3-D25CA1CD1523}
		{AD40C614-0D8C-4F01-AAD9-B5B687AC603F} = {D5FCDB90-104F-4260-B43D-8E5EA03F968D}
		{015D298E-6EF6-4718-8B35-EE3144CB213A} = {D5FCDB90-104F-4260-B43D-8E5EA03F968D}
		{C05E0FF1-79FF-4635-9094-094C0279D73B} = {B0A8059B-E873-4B29-B0B3-A2CFD34DD0B2}
		{E8674278-4649-4ACE-853D-1783D169E00A} = {B0A8059B-E873-4B29-B0B3-A2CFD34DD0B2}
		{9B026BEB-6843-4F5A-9EAA-74397FADDC1D} = {B0A8059B-E873-4B29-B0B3-A2CFD34DD0B2}
		{D2B6C459-A7CA-43DF-A88D-A572BD1B5319} = {270CB4AD-9E0E-4977-BA05-2C060E45F9BF}
		{86CBC8CA-C11F-4992-9921-7E6494C330B3} = {270CB4AD-9E0E-4977-BA05-2C060E45F9BF}
		{C7E9D123-85C6-44CA-AB57-9FEE4E614525} = {270CB4AD-9E0E-4977-BA05-2C060E45F9BF}
		{A3C1E335-46D1-4CE2-946F-81BF1C64DD10} = {270CB4AD-9E0E-4977-BA05-2C060E45F9BF}
		{5B38BD2F-31E1-4675-BF38-D6377580C289} = {270CB4AD-9E0E-4977-BA05-2C060E45F9BF}
		{7268E6FC-93F7-452E-94C1-CDB9DDDAF2AA} = {270CB4AD-9E0E-4977-BA05-2C060E45F9BF}
		{31863F62-0ACE-4A5D-8310-94318FD3F387} = {B674E3F1-B637-403D-BC42-D57E6E5888EC}
		{1DA5AA6C-8FFE-4A48-85F0-89792D6DB543} = {31863F62-0ACE-4A5D-8310-94318FD3F387}
		{1350C93B-8E28-402A-B930-91B922C0C7B3} = {31863F62-0ACE-4A5D-8310-94318FD3F387}
		{888D8EFE-AB26-4EF4-A6B1-36AC91715AE0} = {31863F62-0ACE-4A5D-8310-94318FD3F387}
		{CC2305DA-661E-4B8F-AB24-0BC29A148DC0} = {31863F62-0ACE-4A5D-8310-94318FD3F387}
		{18FA5260-A712-4482-8E4C-7F8A834E21AC} = {31863F62-0ACE-4A5D-8310-94318FD3F387}
		{93F6953B-FF94-43AC-A12C-567C4BC25395} = {31863F62-0ACE-4A5D-8310-94318FD3F387}
		{09F02BDD-5D74-4BBC-B486-F9CED58692CF} = {31863F62-0ACE-4A5D-8310-94318FD3F387}
		{B19BE349-1C1B-4770-BF0E-A0B0EB4A4E5D} = {B674E3F1-B637-403D-BC42-D57E6E5888EC}
		{E17D0098-4991-4638-A6D8-997123CD28A3} = {B674E3F1-B637-403D-BC42-D57E6E5888EC}
		{2C06A7AC-AC15-448B-A821-CAB95D6D3BBC} = {B674E3F1-B637-403D-BC42-D57E6E5888EC}
		{6EF986BE-5385-43ED-A718-313E7FDA5420} = {B674E3F1-B637-403D-BC42-D57E6E5888EC}
		{63C1E8B2-19EF-4788-A80A-A2997EA37DD1} = {E17D0098-4991-4638-A6D8-997123CD28A3}
		{5504B062-5BC6-4F15-BB9D-8E2046E5759E} = {E17D0098-4991-4638-A6D8-997123CD28A3}
		{6321A4C9-5B9A-43A7-8D74-6FEE133C8F9F} = {E17D0098-4991-4638-A6D8-997123CD28A3}
		{44B271F3-A2B2-43FA-926B-75ABE1C3D300} = {E17D0098-4991-4638-A6D8-997123CD28A3}
		{55F2A789-2921-48B7-904C-66671BFD1D7F} = {E17D0098-4991-4638-A6D8-997123CD28A3}
		{D99B36A3-8BB1-4A40-850F-5E1C5B124314} = {E17D0098-4991-4638-A6D8-997123CD28A3}
		{048D6C17-0E8F-4A0D-9CA4-8D46926B13E2} = {E17D0098-4991-4638-A6D8-997123CD28A3}
		{057C26F4-F461-4422-9040-A0200205AD15} = {2C06A7AC-AC15-448B-A821-CAB95D6D3BBC}
		{40072BA9-9D28-4E90-9FDC-B0CAD5B3A680} = {2C06A7AC-AC15-448B-A821-CAB95D6D3BBC}
		{A1B1D589-C382-4177-839D-7F6AE5779DC5} = {2C06A7AC-AC15-448B-A821-CAB95D6D3BBC}
		{A7637176-E214-4BEB-A04B-90FD2C555B64} = {2C06A7AC-AC15-448B-A821-CAB95D6D3BBC}
		{5D2DB587-4D1A-4ED4-9743-F6B7DB000EC6} = {2C06A7AC-AC15-448B-A821-CAB95D6D3BBC}
		{D7EA29A4-E814-447F-8855-A34F1D4C1825} = {2C06A7AC-AC15-448B-A821-CAB95D6D3BBC}
		{4B43E6A7-EE0D-4DD8-9FE5-26CAA12B50C7} = {2C06A7AC-AC15-448B-A821-CAB95D6D3BBC}
		{01D6CAD9-B3AB-4B9E-AD01-5E2BEB257924} = {6EF986BE-5385-43ED-A718-313E7FDA5420}
		{5CFB4177-64C0-4C1E-A2FB-6803B874DA0F} = {6EF986BE-5385-43ED-A718-313E7FDA5420}
		{8D035624-3BA4-4119-BAFC-2190A79D0E92} = {6EF986BE-5385-43ED-A718-313E7FDA5420}
		{F9D8D50C-EC9F-4DA1-95D2-28E62E9EDE40} = {6EF986BE-5385-43ED-A718-313E7FDA5420}
		{8D201017-44C1-40DB-AC9A-9ECB6D862F63} = {6EF986BE-5385-43ED-A718-313E7FDA5420}
		{0614C710-86C7-406A-99E7-2235D562D29D} = {6EF986BE-5385-43ED-A718-313E7FDA5420}
		{FB48DB6E-817D-485D-9AD0-A7AB554BEE33} = {6EF986BE-5385-43ED-A718-313E7FDA5420}
		{1EB16514-7CF8-4856-9E9C-8DD642107582} = {B19BE349-1C1B-4770-BF0E-A0B0EB4A4E5D}
		{08809BC5-5CAC-4B91-8BD9-AE7051671DCE} = {B19BE349-1C1B-4770-BF0E-A0B0EB4A4E5D}
		{D4599E1A-0C43-4227-93A5-E19D57BBD7A8} = {B19BE349-1C1B-4770-BF0E-A0B0EB4A4E5D}
		{598CDD84-34CD-4A26-AC66-FD5A646C32BA} = {B19BE349-1C1B-4770-BF0E-A0B0EB4A4E5D}
		{6A4A0F94-221F-4592-9795-108F3F12EE84} = {B19BE349-1C1B-4770-BF0E-A0B0EB4A4E5D}
		{895234A0-2188-45A0-A53B-52658FAF53F0} = {B19BE349-1C1B-4770-BF0E-A0B0EB4A4E5D}
		{40D82C52-920D-4B87-BBE2-E5AC00385FF5} = {B19BE349-1C1B-4770-BF0E-A0B0EB4A4E5D}
	EndGlobalSection
	GlobalSection(ExtensibilityGlobals) = postSolution
		SolutionGuid = {5DD69845-0563-47C7-9701-333BC7B7401D}
	EndGlobalSection
EndGlobal
